
Microsoft Visual Studio Solution File, Format Version 12.00
# Visual Studio 15
Project("{FAE04EC0-301F-11D3-BF4B-00C04F79EFBC}") = "EmailLinkFinder", "EmailLinkFinder\EmailLinkFinder.csproj", "{FFC50C08-94C3-4162-A1DF-D9B11285E822}"
EndProject
Project("{FAE04EC0-301F-11D3-BF4B-00C04F79EFBC}") = "LinkFinderTest", "LinkFinderTest\LinkFinderTest.csproj", "{70F55518-CC6B-46BD-AAF9-78EC97D03149}"
EndProject
Global
	GlobalSection(SolutionConfigurationPlatforms) = preSolution
		Debug|Any CPU = Debug|Any CPU
		Release|Any CPU = Release|Any CPU
	EndGlobalSection
	GlobalSection(ProjectConfigurationPlatforms) = postSolution
		{FFC50C08-94C3-4162-A1DF-D9B11285E822}.Debug|Any CPU.ActiveCfg = Debug|Any CPU
		{FFC50C08-94C3-4162-A1DF-D9B11285E822}.Debug|Any CPU.Build.0 = Debug|Any CPU
		{FFC50C08-94C3-4162-A1DF-D9B11285E822}.Release|Any CPU.ActiveCfg = Release|Any CPU
		{FFC50C08-94C3-4162-A1DF-D9B11285E822}.Release|Any CPU.Build.0 = Release|Any CPU
		{70F55518-CC6B-46BD-AAF9-78EC97D03149}.Debug|Any CPU.ActiveCfg = Debug|Any CPU
		{70F55518-CC6B-46BD-AAF9-78EC97D03149}.Debug|Any CPU.Build.0 = Debug|Any CPU
		{70F55518-CC6B-46BD-AAF9-78EC97D03149}.Release|Any CPU.ActiveCfg = Release|Any CPU
		{70F55518-CC6B-46BD-AAF9-78EC97D03149}.Release|Any CPU.Build.0 = Release|Any CPU
	EndGlobalSection
EndGlobal
